
Microsoft Visual Studio Solution File, Format Version 11.00
# Visual Studio 2010
Project("{8BC9CEB8-8B4A-11D0-8D11-00A0C91BC942}") = "darbas klasėje 5", "darbas klasėje 5\darbas klasėje 5.vcxproj", "{25367CEA-F1AE-44FD-9AD9-BDCF233A7667}"
EndProject
Global
	GlobalSection(SolutionConfigurationPlatforms) = preSolution
		Debug|Win32 = Debug|Win32
		Release|Win32 = Release|Win32
	EndGlobalSection
	GlobalSection(ProjectConfigurationPlatforms) = postSolution
		{25367CEA-F1AE-44FD-9AD9-BDCF233A7667}.Debug|Win32.ActiveCfg = Debug|Win32
		{25367CEA-F1AE-44FD-9AD9-BDCF233A7667}.Debug|Win32.Build.0 = Debug|Win32
		{25367CEA-F1AE-44FD-9AD9-BDCF233A7667}.Release|Win32.ActiveCfg = Release|Win32
		{25367CEA-F1AE-44FD-9AD9-BDCF233A7667}.Release|Win32.Build.0 = Release|Win32
	EndGlobalSection
	GlobalSection(SolutionProperties) = preSolution
		HideSolutionNode = FALSE
	EndGlobalSection
EndGlobal
