
Microsoft Visual Studio Solution File, Format Version 11.00
# Visual Studio 2010
Project("{8BC9CEB8-8B4A-11D0-8D11-00A0C91BC942}") = "klases darbas 7", "klases darbas 7\klases darbas 7.vcxproj", "{A1C3B5B1-F8EF-4781-B3C8-F8BC8A141A1E}"
EndProject
Global
	GlobalSection(SolutionConfigurationPlatforms) = preSolution
		Debug|Win32 = Debug|Win32
		Release|Win32 = Release|Win32
	EndGlobalSection
	GlobalSection(ProjectConfigurationPlatforms) = postSolution
		{A1C3B5B1-F8EF-4781-B3C8-F8BC8A141A1E}.Debug|Win32.ActiveCfg = Debug|Win32
		{A1C3B5B1-F8EF-4781-B3C8-F8BC8A141A1E}.Debug|Win32.Build.0 = Debug|Win32
		{A1C3B5B1-F8EF-4781-B3C8-F8BC8A141A1E}.Release|Win32.ActiveCfg = Release|Win32
		{A1C3B5B1-F8EF-4781-B3C8-F8BC8A141A1E}.Release|Win32.Build.0 = Release|Win32
	EndGlobalSection
	GlobalSection(SolutionProperties) = preSolution
		HideSolutionNode = FALSE
	EndGlobalSection
EndGlobal
