
Microsoft Visual Studio Solution File, Format Version 10.00
# Visual Studio 2008
Project("{8BC9CEB8-8B4A-11D0-8D11-00A0C91BC942}") = "L1pirma-1", "L1pirma-1\L1pirma-1.vcproj", "{BC93AC5A-0AAC-45ED-8B4A-F8FD5243AA46}"
EndProject
Global
	GlobalSection(SolutionConfigurationPlatforms) = preSolution
		Debug|Win32 = Debug|Win32
		Release|Win32 = Release|Win32
	EndGlobalSection
	GlobalSection(ProjectConfigurationPlatforms) = postSolution
		{BC93AC5A-0AAC-45ED-8B4A-F8FD5243AA46}.Debug|Win32.ActiveCfg = Debug|Win32
		{BC93AC5A-0AAC-45ED-8B4A-F8FD5243AA46}.Debug|Win32.Build.0 = Debug|Win32
		{BC93AC5A-0AAC-45ED-8B4A-F8FD5243AA46}.Release|Win32.ActiveCfg = Release|Win32
		{BC93AC5A-0AAC-45ED-8B4A-F8FD5243AA46}.Release|Win32.Build.0 = Release|Win32
	EndGlobalSection
	GlobalSection(SolutionProperties) = preSolution
		HideSolutionNode = FALSE
	EndGlobalSection
EndGlobal
