
Microsoft Visual Studio Solution File, Format Version 11.00
# Visual Studio 2010
Project("{8BC9CEB8-8B4A-11D0-8D11-00A0C91BC942}") = "113_Bandymas", "113_Bandymas\113_Bandymas.vcxproj", "{476FF9BE-77B4-4B3B-B1F9-7FE6BB1913ED}"
EndProject
Global
	GlobalSection(SolutionConfigurationPlatforms) = preSolution
		Debug|Win32 = Debug|Win32
		Release|Win32 = Release|Win32
	EndGlobalSection
	GlobalSection(ProjectConfigurationPlatforms) = postSolution
		{476FF9BE-77B4-4B3B-B1F9-7FE6BB1913ED}.Debug|Win32.ActiveCfg = Debug|Win32
		{476FF9BE-77B4-4B3B-B1F9-7FE6BB1913ED}.Debug|Win32.Build.0 = Debug|Win32
		{476FF9BE-77B4-4B3B-B1F9-7FE6BB1913ED}.Release|Win32.ActiveCfg = Release|Win32
		{476FF9BE-77B4-4B3B-B1F9-7FE6BB1913ED}.Release|Win32.Build.0 = Release|Win32
	EndGlobalSection
	GlobalSection(SolutionProperties) = preSolution
		HideSolutionNode = FALSE
	EndGlobalSection
EndGlobal
