
Microsoft Visual Studio Solution File, Format Version 11.00
# Visual Studio 2010
Project("{8BC9CEB8-8B4A-11D0-8D11-00A0C91BC942}") = "Namas(pratybos)", "Namas(pratybos)\Namas(pratybos).vcxproj", "{8D7F047F-2B86-4F3E-878E-02FEA6A7E9B8}"
EndProject
Global
	GlobalSection(SolutionConfigurationPlatforms) = preSolution
		Debug|Win32 = Debug|Win32
		Release|Win32 = Release|Win32
	EndGlobalSection
	GlobalSection(ProjectConfigurationPlatforms) = postSolution
		{8D7F047F-2B86-4F3E-878E-02FEA6A7E9B8}.Debug|Win32.ActiveCfg = Debug|Win32
		{8D7F047F-2B86-4F3E-878E-02FEA6A7E9B8}.Debug|Win32.Build.0 = Debug|Win32
		{8D7F047F-2B86-4F3E-878E-02FEA6A7E9B8}.Release|Win32.ActiveCfg = Release|Win32
		{8D7F047F-2B86-4F3E-878E-02FEA6A7E9B8}.Release|Win32.Build.0 = Release|Win32
	EndGlobalSection
	GlobalSection(SolutionProperties) = preSolution
		HideSolutionNode = FALSE
	EndGlobalSection
EndGlobal
