
Microsoft Visual Studio Solution File, Format Version 10.00
# Visual Studio 2008
Project("{8BC9CEB8-8B4A-11D0-8D11-00A0C91BC942}") = "L1antra-3", "L1antra-3\L1antra-3.vcproj", "{CD9D30D1-C10C-4279-BF72-691E70397D8B}"
EndProject
Global
	GlobalSection(SolutionConfigurationPlatforms) = preSolution
		Debug|Win32 = Debug|Win32
		Release|Win32 = Release|Win32
	EndGlobalSection
	GlobalSection(ProjectConfigurationPlatforms) = postSolution
		{CD9D30D1-C10C-4279-BF72-691E70397D8B}.Debug|Win32.ActiveCfg = Debug|Win32
		{CD9D30D1-C10C-4279-BF72-691E70397D8B}.Debug|Win32.Build.0 = Debug|Win32
		{CD9D30D1-C10C-4279-BF72-691E70397D8B}.Release|Win32.ActiveCfg = Release|Win32
		{CD9D30D1-C10C-4279-BF72-691E70397D8B}.Release|Win32.Build.0 = Release|Win32
	EndGlobalSection
	GlobalSection(SolutionProperties) = preSolution
		HideSolutionNode = FALSE
	EndGlobalSection
EndGlobal
