
Microsoft Visual Studio Solution File, Format Version 11.00
# Visual Studio 2010
Project("{8BC9CEB8-8B4A-11D0-8D11-00A0C91BC942}") = "111_Bandymas", "111_Bandymas\111_Bandymas.vcxproj", "{BCCCA46C-3A78-466B-A085-665E321B771F}"
EndProject
Global
	GlobalSection(SolutionConfigurationPlatforms) = preSolution
		Debug|Win32 = Debug|Win32
		Release|Win32 = Release|Win32
	EndGlobalSection
	GlobalSection(ProjectConfigurationPlatforms) = postSolution
		{BCCCA46C-3A78-466B-A085-665E321B771F}.Debug|Win32.ActiveCfg = Debug|Win32
		{BCCCA46C-3A78-466B-A085-665E321B771F}.Debug|Win32.Build.0 = Debug|Win32
		{BCCCA46C-3A78-466B-A085-665E321B771F}.Release|Win32.ActiveCfg = Release|Win32
		{BCCCA46C-3A78-466B-A085-665E321B771F}.Release|Win32.Build.0 = Release|Win32
	EndGlobalSection
	GlobalSection(SolutionProperties) = preSolution
		HideSolutionNode = FALSE
	EndGlobalSection
EndGlobal
